{
  "name": "SOCIAL MEDIA VIDEO DOWNLOAD - MERN",
  "lockfileVersion": 3,
  "requires": true,
  "packages": {
    "": {
      "dependencies": {
        "url-file-size": "^1.0.5-1"
      }
    },
    "node_modules/url-file-size": {
      "version": "1.0.5-1",
      "resolved": "https://registry.npmjs.org/url-file-size/-/url-file-size-1.0.5-1.tgz",
      "integrity": "sha512-ghtCV4fngGFNlIS8jrQ1w1qvHRrwrhHciht9uMbhE4VROCavFgibLHL0xZqWk+jL3X4o/i5wuap2bi2YK8PnEA=="
    }
  }
}
